
Microsoft Visual Studio Solution File, Format Version 12.00
# Visual Studio Version 17
VisualStudioVersion = 17.13.35828.75
MinimumVisualStudioVersion = 10.0.40219.1
Project("{FAE04EC0-301F-11D3-BF4B-00C04F79EFBC}") = "HalcyoniteTweaks", "FalseSonBossTweaks\HalcyoniteTweaks.csproj", "{F3F8A8FA-4728-FA8A-DC84-2461295D30F6}"
EndProject
Global
	GlobalSection(SolutionConfigurationPlatforms) = preSolution
		Debug|Any CPU = Debug|Any CPU
		Release|Any CPU = Release|Any CPU
	EndGlobalSection
	GlobalSection(ProjectConfigurationPlatforms) = postSolution
		{F3F8A8FA-4728-FA8A-DC84-2461295D30F6}.Debug|Any CPU.ActiveCfg = Debug|Any CPU
		{F3F8A8FA-4728-FA8A-DC84-2461295D30F6}.Debug|Any CPU.Build.0 = Debug|Any CPU
		{F3F8A8FA-4728-FA8A-DC84-2461295D30F6}.Release|Any CPU.ActiveCfg = Release|Any CPU
		{F3F8A8FA-4728-FA8A-DC84-2461295D30F6}.Release|Any CPU.Build.0 = Release|Any CPU
	EndGlobalSection
	GlobalSection(SolutionProperties) = preSolution
		HideSolutionNode = FALSE
	EndGlobalSection
	GlobalSection(ExtensibilityGlobals) = postSolution
		SolutionGuid = {6E3E995C-6790-4E59-BF5E-E39C7FA62299}
	EndGlobalSection
EndGlobal
